
Microsoft Visual Studio Solution File, Format Version 12.00
# Visual Studio Version 17
VisualStudioVersion = 17.13.35931.197 d17.13
MinimumVisualStudioVersion = 10.0.40219.1
Project("{FAE04EC0-301F-11D3-BF4B-00C04F79EFBC}") = "XAtlasGen", "XAtlasGen\XAtlasGen.csproj", "{C61AA4D2-D49E-4B35-8CFE-9D579FF10BEB}"
EndProject
Project("{FAE04EC0-301F-11D3-BF4B-00C04F79EFBC}") = "Evergine.Bindings.XAtlas", "Evergine.Bindings.XAtlas\Evergine.Bindings.XAtlas.csproj", "{DEEAE66F-C47F-41C3-B6AA-7B5D680D7843}"
EndProject
Global
	GlobalSection(SolutionConfigurationPlatforms) = preSolution
		Debug|Any CPU = Debug|Any CPU
		Release|Any CPU = Release|Any CPU
	EndGlobalSection
	GlobalSection(ProjectConfigurationPlatforms) = postSolution
		{C61AA4D2-D49E-4B35-8CFE-9D579FF10BEB}.Debug|Any CPU.ActiveCfg = Debug|Any CPU
		{C61AA4D2-D49E-4B35-8CFE-9D579FF10BEB}.Debug|Any CPU.Build.0 = Debug|Any CPU
		{C61AA4D2-D49E-4B35-8CFE-9D579FF10BEB}.Release|Any CPU.ActiveCfg = Release|Any CPU
		{C61AA4D2-D49E-4B35-8CFE-9D579FF10BEB}.Release|Any CPU.Build.0 = Release|Any CPU
		{DEEAE66F-C47F-41C3-B6AA-7B5D680D7843}.Debug|Any CPU.ActiveCfg = Debug|Any CPU
		{DEEAE66F-C47F-41C3-B6AA-7B5D680D7843}.Debug|Any CPU.Build.0 = Debug|Any CPU
		{DEEAE66F-C47F-41C3-B6AA-7B5D680D7843}.Release|Any CPU.ActiveCfg = Release|Any CPU
		{DEEAE66F-C47F-41C3-B6AA-7B5D680D7843}.Release|Any CPU.Build.0 = Release|Any CPU
	EndGlobalSection
	GlobalSection(SolutionProperties) = preSolution
		HideSolutionNode = FALSE
	EndGlobalSection
	GlobalSection(ExtensibilityGlobals) = postSolution
		SolutionGuid = {2E584C7E-80F8-4993-A94D-95AA15B81289}
	EndGlobalSection
EndGlobal
